
Microsoft Visual Studio Solution File, Format Version 12.00
# Visual Studio 15
VisualStudioVersion = 15.0.27130.2024
MinimumVisualStudioVersion = 10.0.40219.1
Project("{FAE04EC0-301F-11D3-BF4B-00C04F79EFBC}") = "OneGet RuckZuck", "OneGet RuckZuck.csproj", "{12BC926F-A38B-47DB-A490-21E8686514F6}"
EndProject
Project("{FAE04EC0-301F-11D3-BF4B-00C04F79EFBC}") = "RZOneGetTest", "..\RZOneGetTest\RZOneGetTest.csproj", "{DDE262CF-0E7B-4826-AA99-DAC20459AA49}"
EndProject
Global
	GlobalSection(SolutionConfigurationPlatforms) = preSolution
		Debug|Any CPU = Debug|Any CPU
		Release|Any CPU = Release|Any CPU
	EndGlobalSection
	GlobalSection(ProjectConfigurationPlatforms) = postSolution
		{12BC926F-A38B-47DB-A490-21E8686514F6}.Debug|Any CPU.ActiveCfg = Debug|Any CPU
		{12BC926F-A38B-47DB-A490-21E8686514F6}.Debug|Any CPU.Build.0 = Debug|Any CPU
		{12BC926F-A38B-47DB-A490-21E8686514F6}.Release|Any CPU.ActiveCfg = Release|Any CPU
		{12BC926F-A38B-47DB-A490-21E8686514F6}.Release|Any CPU.Build.0 = Release|Any CPU
		{DDE262CF-0E7B-4826-AA99-DAC20459AA49}.Debug|Any CPU.ActiveCfg = Debug|Any CPU
		{DDE262CF-0E7B-4826-AA99-DAC20459AA49}.Debug|Any CPU.Build.0 = Debug|Any CPU
		{DDE262CF-0E7B-4826-AA99-DAC20459AA49}.Release|Any CPU.ActiveCfg = Release|Any CPU
		{DDE262CF-0E7B-4826-AA99-DAC20459AA49}.Release|Any CPU.Build.0 = Release|Any CPU
	EndGlobalSection
	GlobalSection(SolutionProperties) = preSolution
		HideSolutionNode = FALSE
	EndGlobalSection
	GlobalSection(ExtensibilityGlobals) = postSolution
		SolutionGuid = {A29C8A0D-848E-4026-BFF4-24CB7AB49E62}
	EndGlobalSection
EndGlobal
