
Microsoft Visual Studio Solution File, Format Version 12.00
# Visual Studio 15
VisualStudioVersion = 15.0.27130.2024
MinimumVisualStudioVersion = 10.0.40219.1
Project("{FAE04EC0-301F-11D3-BF4B-00C04F79EFBC}") = "RZUpdate", "RZUpdate.csproj", "{55349D55-7307-4E34-B544-91A49EB1BCAB}"
EndProject
Project("{FAE04EC0-301F-11D3-BF4B-00C04F79EFBC}") = "RZUpdateTest", "..\RZUpdateTest\RZUpdateTest.csproj", "{5DEC3776-C81E-4C63-AE90-675E686A033C}"
EndProject
Global
	GlobalSection(SolutionConfigurationPlatforms) = preSolution
		Debug|Any CPU = Debug|Any CPU
		Release|Any CPU = Release|Any CPU
	EndGlobalSection
	GlobalSection(ProjectConfigurationPlatforms) = postSolution
		{55349D55-7307-4E34-B544-91A49EB1BCAB}.Debug|Any CPU.ActiveCfg = Debug|Any CPU
		{55349D55-7307-4E34-B544-91A49EB1BCAB}.Debug|Any CPU.Build.0 = Debug|Any CPU
		{55349D55-7307-4E34-B544-91A49EB1BCAB}.Release|Any CPU.ActiveCfg = Release|Any CPU
		{55349D55-7307-4E34-B544-91A49EB1BCAB}.Release|Any CPU.Build.0 = Release|Any CPU
		{5DEC3776-C81E-4C63-AE90-675E686A033C}.Debug|Any CPU.ActiveCfg = Debug|Any CPU
		{5DEC3776-C81E-4C63-AE90-675E686A033C}.Debug|Any CPU.Build.0 = Debug|Any CPU
		{5DEC3776-C81E-4C63-AE90-675E686A033C}.Release|Any CPU.ActiveCfg = Release|Any CPU
		{5DEC3776-C81E-4C63-AE90-675E686A033C}.Release|Any CPU.Build.0 = Release|Any CPU
	EndGlobalSection
	GlobalSection(SolutionProperties) = preSolution
		HideSolutionNode = FALSE
	EndGlobalSection
	GlobalSection(ExtensibilityGlobals) = postSolution
		SolutionGuid = {5036A53A-858A-4C09-8D0F-7CB9ED006A50}
	EndGlobalSection
EndGlobal
