
Microsoft Visual Studio Solution File, Format Version 12.00
# Visual Studio Version 17
VisualStudioVersion = 17.4.33122.133
MinimumVisualStudioVersion = 10.0.40219.1
Project("{FAE04EC0-301F-11D3-BF4B-00C04F79EFBC}") = "RuckZuck_Tool", "RuckZuck_Tool.csproj", "{FA2BB9EC-FB07-48E9-8AB0-1895725F7C55}"
EndProject
Project("{FAE04EC0-301F-11D3-BF4B-00C04F79EFBC}") = "RZEXE", "..\RZEXE\RZEXE.csproj", "{282E93D5-2576-433C-A649-99A6898376B1}"
EndProject
Global
	GlobalSection(SolutionConfigurationPlatforms) = preSolution
		Debug|Any CPU = Debug|Any CPU
		Release|Any CPU = Release|Any CPU
	EndGlobalSection
	GlobalSection(ProjectConfigurationPlatforms) = postSolution
		{FA2BB9EC-FB07-48E9-8AB0-1895725F7C55}.Debug|Any CPU.ActiveCfg = Debug|Any CPU
		{FA2BB9EC-FB07-48E9-8AB0-1895725F7C55}.Debug|Any CPU.Build.0 = Debug|Any CPU
		{FA2BB9EC-FB07-48E9-8AB0-1895725F7C55}.Release|Any CPU.ActiveCfg = Release|Any CPU
		{FA2BB9EC-FB07-48E9-8AB0-1895725F7C55}.Release|Any CPU.Build.0 = Release|Any CPU
		{282E93D5-2576-433C-A649-99A6898376B1}.Debug|Any CPU.ActiveCfg = Debug|Any CPU
		{282E93D5-2576-433C-A649-99A6898376B1}.Debug|Any CPU.Build.0 = Debug|Any CPU
		{282E93D5-2576-433C-A649-99A6898376B1}.Release|Any CPU.ActiveCfg = Release|Any CPU
		{282E93D5-2576-433C-A649-99A6898376B1}.Release|Any CPU.Build.0 = Release|Any CPU
	EndGlobalSection
	GlobalSection(SolutionProperties) = preSolution
		HideSolutionNode = FALSE
	EndGlobalSection
	GlobalSection(ExtensibilityGlobals) = postSolution
		SolutionGuid = {6AE51440-3589-4B39-B34D-B8D2056B6458}
	EndGlobalSection
EndGlobal
