
Microsoft Visual Studio Solution File, Format Version 12.00
# Visual Studio Version 16
VisualStudioVersion = 16.0.29326.143
MinimumVisualStudioVersion = 10.0.40219.1
Project("{9A19103F-16F7-4668-BE54-9A1E7A4F7556}") = "RZ.Server", "RZ.Server\RZ.Server.csproj", "{65A7E359-5733-49C4-BFF8-0928D2DC83C0}"
EndProject
Project("{9A19103F-16F7-4668-BE54-9A1E7A4F7556}") = "RZ.Server.Interfaces", "RZ.Server.Interfaces\RZ.Server.Interfaces.csproj", "{55611193-8C15-4595-AB2B-24568B16B1B5}"
EndProject
Project("{9A19103F-16F7-4668-BE54-9A1E7A4F7556}") = "RZ.Plugin.Software", "RZ.Plugin.Software\RZ.Plugin.Software.csproj", "{C72BB200-A82E-4A03-BF25-AD77555AF81C}"
EndProject
Project("{9A19103F-16F7-4668-BE54-9A1E7A4F7556}") = "RZ.Plugin.SWLookup", "RZ.SWLookup.Plugin\RZ.Plugin.SWLookup.csproj", "{D98094BE-A4BF-4346-A890-54C86B5332A1}"
EndProject
Project("{9A19103F-16F7-4668-BE54-9A1E7A4F7556}") = "RZ.Plugin.Catalog", "RZ.Catalog.Plugin\RZ.Plugin.Catalog.csproj", "{E089FFEF-917E-4331-91E1-B0748069B90D}"
EndProject
Project("{9A19103F-16F7-4668-BE54-9A1E7A4F7556}") = "RZ.Plugin.Catalog.Azure", "RZ.Catalog.Plugin.Azure\RZ.Plugin.Catalog.Azure.csproj", "{6BCE84E6-3635-4E13-BC97-EE75831B9309}"
EndProject
Project("{9A19103F-16F7-4668-BE54-9A1E7A4F7556}") = "RZ.Plugin.Software.Azure", "RZ.Plugin.Software.Azure\RZ.Plugin.Software.Azure.csproj", "{A6134B88-1D52-4827-9993-4000455A03EA}"
EndProject
Project("{9A19103F-16F7-4668-BE54-9A1E7A4F7556}") = "RZ.Plugin.SWLookup.Azure", "RZ.SWLookup.Plugin.Azure\RZ.Plugin.SWLookup.Azure.csproj", "{2ECC85DF-F5FE-459F-9E5F-12AC32853C96}"
EndProject
Project("{9A19103F-16F7-4668-BE54-9A1E7A4F7556}") = "RZ.Plugin.Catalog.Proxy", "RZ.Catalog.Plugin.Proxy\RZ.Plugin.Catalog.Proxy.csproj", "{96045409-FAFF-4354-BE2A-F1EE55340344}"
EndProject
Project("{9A19103F-16F7-4668-BE54-9A1E7A4F7556}") = "RZ.Plugin.Software.Proxy", "RZ.Plugin.Software.Proxy\RZ.Plugin.Software.Proxy.csproj", "{1E93159B-260A-449E-8346-8080BF5F8A04}"
EndProject
Project("{9A19103F-16F7-4668-BE54-9A1E7A4F7556}") = "RZ.Plugin.Feedback.Azure", "RZ.Plugin.Feedback.Azure\RZ.Plugin.Feedback.Azure.csproj", "{9717EE20-5AA6-4F92-BA69-9A2D9C9D5277}"
EndProject
Project("{9A19103F-16F7-4668-BE54-9A1E7A4F7556}") = "RZ.Plugin.Feedback.Proxy", "RZ.Plugin.Feedback.Proxy\RZ.Plugin.Feedback.Proxy.csproj", "{74187EFB-07F0-477B-BFD2-01C47EF9B2EA}"
EndProject
Project("{9A19103F-16F7-4668-BE54-9A1E7A4F7556}") = "RZ.Plugin.SWLookup.Proxy", "RZ.SWLookup.Plugin.Proxy\RZ.Plugin.SWLookup.Proxy.csproj", "{CDD709A8-2863-4686-BC27-80AF3B048CBC}"
EndProject
Project("{9A19103F-16F7-4668-BE54-9A1E7A4F7556}") = "RZ.Plugin.Log.Azure", "RZ.Plugin.Log.Azure\RZ.Plugin.Log.Azure.csproj", "{66703C28-1066-4C71-B387-D1F2C5146B7B}"
EndProject
Project("{E53339B2-1760-4266-BCC7-CA923CBCF16C}") = "docker-compose", "docker-compose.dcproj", "{98F21479-2840-4AD6-983E-4C9E7D38EF53}"
EndProject
Project("{9A19103F-16F7-4668-BE54-9A1E7A4F7556}") = "RZ.Plugin.Customer.Azure", "RZ.Plugin.Customer.Azure\RZ.Plugin.Customer.Azure.csproj", "{DE21E64F-9356-449A-9827-F495AA677D74}"
EndProject
Project("{9A19103F-16F7-4668-BE54-9A1E7A4F7556}") = "IP2Location", "IP2Location\IP2Location.csproj", "{224D50AB-ABB6-4C8F-923C-BB38D17F6EE0}"
EndProject
Global
	GlobalSection(SolutionConfigurationPlatforms) = preSolution
		Debug|Any CPU = Debug|Any CPU
		Release|Any CPU = Release|Any CPU
	EndGlobalSection
	GlobalSection(ProjectConfigurationPlatforms) = postSolution
		{65A7E359-5733-49C4-BFF8-0928D2DC83C0}.Debug|Any CPU.ActiveCfg = Debug|Any CPU
		{65A7E359-5733-49C4-BFF8-0928D2DC83C0}.Debug|Any CPU.Build.0 = Debug|Any CPU
		{65A7E359-5733-49C4-BFF8-0928D2DC83C0}.Release|Any CPU.ActiveCfg = Release|Any CPU
		{65A7E359-5733-49C4-BFF8-0928D2DC83C0}.Release|Any CPU.Build.0 = Release|Any CPU
		{55611193-8C15-4595-AB2B-24568B16B1B5}.Debug|Any CPU.ActiveCfg = Debug|Any CPU
		{55611193-8C15-4595-AB2B-24568B16B1B5}.Debug|Any CPU.Build.0 = Debug|Any CPU
		{55611193-8C15-4595-AB2B-24568B16B1B5}.Release|Any CPU.ActiveCfg = Release|Any CPU
		{55611193-8C15-4595-AB2B-24568B16B1B5}.Release|Any CPU.Build.0 = Release|Any CPU
		{C72BB200-A82E-4A03-BF25-AD77555AF81C}.Debug|Any CPU.ActiveCfg = Debug|Any CPU
		{C72BB200-A82E-4A03-BF25-AD77555AF81C}.Debug|Any CPU.Build.0 = Debug|Any CPU
		{C72BB200-A82E-4A03-BF25-AD77555AF81C}.Release|Any CPU.ActiveCfg = Release|Any CPU
		{C72BB200-A82E-4A03-BF25-AD77555AF81C}.Release|Any CPU.Build.0 = Release|Any CPU
		{D98094BE-A4BF-4346-A890-54C86B5332A1}.Debug|Any CPU.ActiveCfg = Debug|Any CPU
		{D98094BE-A4BF-4346-A890-54C86B5332A1}.Debug|Any CPU.Build.0 = Debug|Any CPU
		{D98094BE-A4BF-4346-A890-54C86B5332A1}.Release|Any CPU.ActiveCfg = Release|Any CPU
		{D98094BE-A4BF-4346-A890-54C86B5332A1}.Release|Any CPU.Build.0 = Release|Any CPU
		{E089FFEF-917E-4331-91E1-B0748069B90D}.Debug|Any CPU.ActiveCfg = Debug|Any CPU
		{E089FFEF-917E-4331-91E1-B0748069B90D}.Debug|Any CPU.Build.0 = Debug|Any CPU
		{E089FFEF-917E-4331-91E1-B0748069B90D}.Release|Any CPU.ActiveCfg = Release|Any CPU
		{E089FFEF-917E-4331-91E1-B0748069B90D}.Release|Any CPU.Build.0 = Release|Any CPU
		{6BCE84E6-3635-4E13-BC97-EE75831B9309}.Debug|Any CPU.ActiveCfg = Debug|Any CPU
		{6BCE84E6-3635-4E13-BC97-EE75831B9309}.Debug|Any CPU.Build.0 = Debug|Any CPU
		{6BCE84E6-3635-4E13-BC97-EE75831B9309}.Release|Any CPU.ActiveCfg = Release|Any CPU
		{6BCE84E6-3635-4E13-BC97-EE75831B9309}.Release|Any CPU.Build.0 = Release|Any CPU
		{A6134B88-1D52-4827-9993-4000455A03EA}.Debug|Any CPU.ActiveCfg = Debug|Any CPU
		{A6134B88-1D52-4827-9993-4000455A03EA}.Debug|Any CPU.Build.0 = Debug|Any CPU
		{A6134B88-1D52-4827-9993-4000455A03EA}.Release|Any CPU.ActiveCfg = Release|Any CPU
		{A6134B88-1D52-4827-9993-4000455A03EA}.Release|Any CPU.Build.0 = Release|Any CPU
		{2ECC85DF-F5FE-459F-9E5F-12AC32853C96}.Debug|Any CPU.ActiveCfg = Debug|Any CPU
		{2ECC85DF-F5FE-459F-9E5F-12AC32853C96}.Debug|Any CPU.Build.0 = Debug|Any CPU
		{2ECC85DF-F5FE-459F-9E5F-12AC32853C96}.Release|Any CPU.ActiveCfg = Release|Any CPU
		{2ECC85DF-F5FE-459F-9E5F-12AC32853C96}.Release|Any CPU.Build.0 = Release|Any CPU
		{96045409-FAFF-4354-BE2A-F1EE55340344}.Debug|Any CPU.ActiveCfg = Debug|Any CPU
		{96045409-FAFF-4354-BE2A-F1EE55340344}.Debug|Any CPU.Build.0 = Debug|Any CPU
		{96045409-FAFF-4354-BE2A-F1EE55340344}.Release|Any CPU.ActiveCfg = Release|Any CPU
		{96045409-FAFF-4354-BE2A-F1EE55340344}.Release|Any CPU.Build.0 = Release|Any CPU
		{1E93159B-260A-449E-8346-8080BF5F8A04}.Debug|Any CPU.ActiveCfg = Debug|Any CPU
		{1E93159B-260A-449E-8346-8080BF5F8A04}.Debug|Any CPU.Build.0 = Debug|Any CPU
		{1E93159B-260A-449E-8346-8080BF5F8A04}.Release|Any CPU.ActiveCfg = Release|Any CPU
		{1E93159B-260A-449E-8346-8080BF5F8A04}.Release|Any CPU.Build.0 = Release|Any CPU
		{9717EE20-5AA6-4F92-BA69-9A2D9C9D5277}.Debug|Any CPU.ActiveCfg = Debug|Any CPU
		{9717EE20-5AA6-4F92-BA69-9A2D9C9D5277}.Debug|Any CPU.Build.0 = Debug|Any CPU
		{9717EE20-5AA6-4F92-BA69-9A2D9C9D5277}.Release|Any CPU.ActiveCfg = Release|Any CPU
		{9717EE20-5AA6-4F92-BA69-9A2D9C9D5277}.Release|Any CPU.Build.0 = Release|Any CPU
		{74187EFB-07F0-477B-BFD2-01C47EF9B2EA}.Debug|Any CPU.ActiveCfg = Debug|Any CPU
		{74187EFB-07F0-477B-BFD2-01C47EF9B2EA}.Debug|Any CPU.Build.0 = Debug|Any CPU
		{74187EFB-07F0-477B-BFD2-01C47EF9B2EA}.Release|Any CPU.ActiveCfg = Release|Any CPU
		{74187EFB-07F0-477B-BFD2-01C47EF9B2EA}.Release|Any CPU.Build.0 = Release|Any CPU
		{CDD709A8-2863-4686-BC27-80AF3B048CBC}.Debug|Any CPU.ActiveCfg = Debug|Any CPU
		{CDD709A8-2863-4686-BC27-80AF3B048CBC}.Debug|Any CPU.Build.0 = Debug|Any CPU
		{CDD709A8-2863-4686-BC27-80AF3B048CBC}.Release|Any CPU.ActiveCfg = Release|Any CPU
		{CDD709A8-2863-4686-BC27-80AF3B048CBC}.Release|Any CPU.Build.0 = Release|Any CPU
		{66703C28-1066-4C71-B387-D1F2C5146B7B}.Debug|Any CPU.ActiveCfg = Debug|Any CPU
		{66703C28-1066-4C71-B387-D1F2C5146B7B}.Debug|Any CPU.Build.0 = Debug|Any CPU
		{66703C28-1066-4C71-B387-D1F2C5146B7B}.Release|Any CPU.ActiveCfg = Release|Any CPU
		{66703C28-1066-4C71-B387-D1F2C5146B7B}.Release|Any CPU.Build.0 = Release|Any CPU
		{98F21479-2840-4AD6-983E-4C9E7D38EF53}.Debug|Any CPU.ActiveCfg = Debug|Any CPU
		{98F21479-2840-4AD6-983E-4C9E7D38EF53}.Debug|Any CPU.Build.0 = Debug|Any CPU
		{98F21479-2840-4AD6-983E-4C9E7D38EF53}.Release|Any CPU.ActiveCfg = Release|Any CPU
		{98F21479-2840-4AD6-983E-4C9E7D38EF53}.Release|Any CPU.Build.0 = Release|Any CPU
		{DE21E64F-9356-449A-9827-F495AA677D74}.Debug|Any CPU.ActiveCfg = Debug|Any CPU
		{DE21E64F-9356-449A-9827-F495AA677D74}.Debug|Any CPU.Build.0 = Debug|Any CPU
		{DE21E64F-9356-449A-9827-F495AA677D74}.Release|Any CPU.ActiveCfg = Release|Any CPU
		{DE21E64F-9356-449A-9827-F495AA677D74}.Release|Any CPU.Build.0 = Release|Any CPU
		{224D50AB-ABB6-4C8F-923C-BB38D17F6EE0}.Debug|Any CPU.ActiveCfg = Debug|Any CPU
		{224D50AB-ABB6-4C8F-923C-BB38D17F6EE0}.Debug|Any CPU.Build.0 = Debug|Any CPU
		{224D50AB-ABB6-4C8F-923C-BB38D17F6EE0}.Release|Any CPU.ActiveCfg = Release|Any CPU
		{224D50AB-ABB6-4C8F-923C-BB38D17F6EE0}.Release|Any CPU.Build.0 = Release|Any CPU
	EndGlobalSection
	GlobalSection(SolutionProperties) = preSolution
		HideSolutionNode = FALSE
	EndGlobalSection
	GlobalSection(ExtensibilityGlobals) = postSolution
		SolutionGuid = {7CB0220E-F2DD-4218-BC9E-80F60011D4C5}
	EndGlobalSection
EndGlobal
