
Microsoft Visual Studio Solution File, Format Version 12.00
# Visual Studio 15
VisualStudioVersion = 15.0.28307.329
MinimumVisualStudioVersion = 10.0.40219.1
Project("{FAE04EC0-301F-11D3-BF4B-00C04F79EFBC}") = "RuckZuck.Base", "RuckZuck.Base.csproj", "{DD9A4338-5D1D-4A57-AAB6-1392D8B88E4E}"
EndProject
Global
	GlobalSection(SolutionConfigurationPlatforms) = preSolution
		Debug|Any CPU = Debug|Any CPU
		Release|Any CPU = Release|Any CPU
	EndGlobalSection
	GlobalSection(ProjectConfigurationPlatforms) = postSolution
		{DD9A4338-5D1D-4A57-AAB6-1392D8B88E4E}.Debug|Any CPU.ActiveCfg = Debug|Any CPU
		{DD9A4338-5D1D-4A57-AAB6-1392D8B88E4E}.Debug|Any CPU.Build.0 = Debug|Any CPU
		{DD9A4338-5D1D-4A57-AAB6-1392D8B88E4E}.Release|Any CPU.ActiveCfg = Release|Any CPU
		{DD9A4338-5D1D-4A57-AAB6-1392D8B88E4E}.Release|Any CPU.Build.0 = Release|Any CPU
	EndGlobalSection
	GlobalSection(SolutionProperties) = preSolution
		HideSolutionNode = FALSE
	EndGlobalSection
	GlobalSection(ExtensibilityGlobals) = postSolution
		SolutionGuid = {F90125B9-9FC2-44C7-9DF2-6DDE7ED2768B}
	EndGlobalSection
EndGlobal
