
Microsoft Visual Studio Solution File, Format Version 12.00
# Visual Studio 14
VisualStudioVersion = 14.0.25420.1
MinimumVisualStudioVersion = 10.0.40219.1
Project("{FAE04EC0-301F-11D3-BF4B-00C04F79EFBC}") = "RuckZuck_WCF", "RuckZuck_WCF.csproj", "{F5948022-F8F9-4B30-8A9E-C41A3927E403}"
EndProject
Global
	GlobalSection(SolutionConfigurationPlatforms) = preSolution
		Debug|Any CPU = Debug|Any CPU
		Release|Any CPU = Release|Any CPU
	EndGlobalSection
	GlobalSection(ProjectConfigurationPlatforms) = postSolution
		{F5948022-F8F9-4B30-8A9E-C41A3927E403}.Debug|Any CPU.ActiveCfg = Debug|Any CPU
		{F5948022-F8F9-4B30-8A9E-C41A3927E403}.Debug|Any CPU.Build.0 = Debug|Any CPU
		{F5948022-F8F9-4B30-8A9E-C41A3927E403}.Release|Any CPU.ActiveCfg = Release|Any CPU
		{F5948022-F8F9-4B30-8A9E-C41A3927E403}.Release|Any CPU.Build.0 = Release|Any CPU
	EndGlobalSection
	GlobalSection(SolutionProperties) = preSolution
		HideSolutionNode = FALSE
	EndGlobalSection
EndGlobal
